DEPENDENCIES
  application_nginx
    git: git://github.com/poise/application_nginx.git
    revision: 6339af0963139cb42946dec4111defd59502d064
    ref: 6339af0
  postgresql
  whats-fresh
    git: git://github.com/osuosl-cookbooks/whats-fresh.git
    revision: 9b5d5348fd035e581fee7bf1546a1cd04df59506
    ref: 9b5d534

GRAPH
  application (3.0.0)
  application_nginx (2.0.3)
    application (~> 3.0)
    nginx (>= 0.0.0)
  application_python (3.0.0)
    application (~> 3.0)
    gunicorn (>= 0.0.0)
    python (>= 0.0.0)
    supervisor (>= 0.0.0)
  apt (2.6.0)
  aws (2.4.0)
  bluepill (2.3.1)
    rsyslog (>= 0.0.0)
  build-essential (2.0.6)
  chef-sugar (2.3.0)
  chef_handler (1.1.6)
  database (2.3.0)
    aws (>= 0.0.0)
    mysql (>= 5.0.0)
    mysql-chef_gem (>= 0.0.0)
    postgresql (>= 1.0.0)
    xfs (>= 0.0.0)
  dmg (2.2.0)
  geos (0.1.1)
  git (4.0.2)
    build-essential (>= 0.0.0)
    dmg (>= 0.0.0)
    runit (>= 1.0.0)
    windows (>= 0.0.0)
    yum (~> 3.0)
    yum-epel (>= 0.0.0)
  gunicorn (1.2.0)
    python (>= 0.0.0)
  magic_shell (1.0.0)
  mysql (5.5.3)
    yum-mysql-community (>= 0.0.0)
  mysql-chef_gem (0.0.5)
    build-essential (>= 0.0.0)
    mysql (>= 0.0.0)
  nginx (2.7.4)
    apt (~> 2.2)
    bluepill (~> 2.3)
    build-essential (~> 2.0)
    ohai (~> 2.0)
    runit (~> 1.2)
    yum-epel (~> 0.3)
  ohai (2.0.1)
  openssl (2.0.0)
    chef-sugar (>= 0.0.0)
  postgis (0.3.0)
    apt (>= 0.0.0)
    postgresql (>= 0.0.0)
    yum (>= 0.0.0)
  postgresql (3.4.6)
    apt (>= 1.9.0)
    build-essential (>= 0.0.0)
    openssl (>= 0.0.0)
  python (1.4.6)
    build-essential (>= 0.0.0)
    yum-epel (>= 0.0.0)
  rsyslog (1.12.2)
  runit (1.5.10)
    build-essential (>= 0.0.0)
    yum (~> 3.0)
    yum-epel (>= 0.0.0)
  supervisor (0.4.12)
    python (>= 0.0.0)
  whats-fresh (0.1.7)
    application (>= 0.0.0)
    application_nginx (>= 0.0.0)
    application_python (>= 0.0.0)
    build-essential (>= 0.0.0)
    database (>= 0.0.0)
    geos (>= 0.0.0)
    git (>= 0.0.0)
    magic_shell (>= 0.0.0)
    postgis (>= 0.0.0)
    postgresql (>= 0.0.0)
    python (>= 0.0.0)
    yum (>= 0.0.0)
    yum-epel (>= 0.0.0)
    yum-ius (>= 0.0.0)
    yum-osuosl (>= 0.0.0)
  windows (1.34.6)
    chef_handler (>= 0.0.0)
  xfs (1.1.0)
  yum (3.3.2)
  yum-epel (0.5.1)
    yum (~> 3.0)
  yum-ius (0.3.0)
    yum (~> 3.0)
    yum-epel (>= 0.0.0)
  yum-mysql-community (0.1.10)
    yum (>= 3.0)
  yum-osuosl (0.1.0)
    yum (>= 3.0)
