DEPENDENCIES
  whats-fresh
    git: git://github.com/osuosl-cookbooks/whats-fresh.git
    revision: 33a035f1c37322a68a5ed03189391e6c7739f456

GRAPH
  apt (2.4.0)
  aws (2.3.0)
  build-essential (2.0.4)
  chef-sugar (2.0.0)
  database (2.2.0)
    aws (>= 0.0.0)
    mysql (>= 5.0.0)
    mysql-chef_gem (>= 0.0.0)
    postgresql (>= 1.0.0)
    xfs (>= 0.0.0)
  geos (0.1.1)
  magic_shell (1.0.0)
  mysql (5.3.6)
    yum-mysql-community (>= 0.0.0)
  mysql-chef_gem (0.0.2)
    build-essential (>= 0.0.0)
    mysql (>= 0.0.0)
  openssl (2.0.0)
    chef-sugar (>= 0.0.0)
  postgis (0.3.0)
    apt (>= 0.0.0)
    postgresql (>= 0.0.0)
    yum (>= 0.0.0)
  postgresql (3.4.1)
    apt (>= 1.9.0)
    build-essential (>= 0.0.0)
    openssl (>= 0.0.0)
  python (1.4.6)
    build-essential (>= 0.0.0)
    yum-epel (>= 0.0.0)
  whats-fresh (0.1.0)
    database (>= 0.0.0)
    geos (>= 0.0.0)
    magic_shell (>= 0.0.0)
    postgis (>= 0.0.0)
    postgresql (>= 0.0.0)
    python (>= 0.0.0)
    yum-epel (>= 0.0.0)
    yum-ius (>= 0.0.0)
  xfs (1.1.0)
  yum (3.2.2)
  yum-epel (0.4.0)
    yum (~> 3.0)
  yum-ius (0.2.0)
    yum (~> 3.0)
    yum-epel (>= 0.0.0)
  yum-mysql-community (0.1.10)
    yum (>= 3.0)
